
Microsoft Visual Studio Solution File, Format Version 12.00
# Visual Studio Version 17
VisualStudioVersion = 17.9.34714.143
MinimumVisualStudioVersion = 10.0.40219.1
Project("{8BC9CEB8-8B4A-11D0-8D11-00A0C91BC942}") = "Project1", "Project1\Project1.vcxproj", "{1190C16B-5E69-4E95-88FB-FE02BE33A234}"
EndProject
Global
	GlobalSection(SolutionConfigurationPlatforms) = preSolution
		Debug|x64 = Debug|x64
		Debug|x86 = Debug|x86
		Release|x64 = Release|x64
		Release|x86 = Release|x86
	EndGlobalSection
	GlobalSection(ProjectConfigurationPlatforms) = postSolution
		{1190C16B-5E69-4E95-88FB-FE02BE33A234}.Debug|x64.ActiveCfg = Debug|x64
		{1190C16B-5E69-4E95-88FB-FE02BE33A234}.Debug|x64.Build.0 = Debug|x64
		{1190C16B-5E69-4E95-88FB-FE02BE33A234}.Debug|x86.ActiveCfg = Debug|Win32
		{1190C16B-5E69-4E95-88FB-FE02BE33A234}.Debug|x86.Build.0 = Debug|Win32
		{1190C16B-5E69-4E95-88FB-FE02BE33A234}.Release|x64.ActiveCfg = Release|x64
		{1190C16B-5E69-4E95-88FB-FE02BE33A234}.Release|x64.Build.0 = Release|x64
		{1190C16B-5E69-4E95-88FB-FE02BE33A234}.Release|x86.ActiveCfg = Release|Win32
		{1190C16B-5E69-4E95-88FB-FE02BE33A234}.Release|x86.Build.0 = Release|Win32
	EndGlobalSection
	GlobalSection(SolutionProperties) = preSolution
		HideSolutionNode = FALSE
	EndGlobalSection
	GlobalSection(ExtensibilityGlobals) = postSolution
		SolutionGuid = {4F9A2EDE-F3AD-4EBC-94E2-B2ACE854ADEA}
	EndGlobalSection
EndGlobal
